
Microsoft Visual Studio Solution File, Format Version 12.00
# Visual Studio 15
VisualStudioVersion = 15.0.28307.329
MinimumVisualStudioVersion = 10.0.40219.1
Project("{FAE04EC0-301F-11D3-BF4B-00C04F79EFBC}") = "20201206_Socket", "20201206_Socket\20201206_Socket.csproj", "{82921134-27D1-4087-8B34-04AE247CAD58}"
EndProject
Global
	GlobalSection(SolutionConfigurationPlatforms) = preSolution
		Debug|Any CPU = Debug|Any CPU
		Release|Any CPU = Release|Any CPU
	EndGlobalSection
	GlobalSection(ProjectConfigurationPlatforms) = postSolution
		{82921134-27D1-4087-8B34-04AE247CAD58}.Debug|Any CPU.ActiveCfg = Debug|Any CPU
		{82921134-27D1-4087-8B34-04AE247CAD58}.Debug|Any CPU.Build.0 = Debug|Any CPU
		{82921134-27D1-4087-8B34-04AE247CAD58}.Release|Any CPU.ActiveCfg = Release|Any CPU
		{82921134-27D1-4087-8B34-04AE247CAD58}.Release|Any CPU.Build.0 = Release|Any CPU
	EndGlobalSection
	GlobalSection(SolutionProperties) = preSolution
		HideSolutionNode = FALSE
	EndGlobalSection
	GlobalSection(ExtensibilityGlobals) = postSolution
		SolutionGuid = {D89DD624-DF78-4A28-9692-2F220AAB7B1A}
	EndGlobalSection
EndGlobal
